
Microsoft Visual Studio Solution File, Format Version 12.00
# Visual Studio Version 17
VisualStudioVersion = 17.0.31912.275
MinimumVisualStudioVersion = 10.0.40219.1
Project("{9A19103F-16F7-4668-BE54-9A1E7A4F7556}") = "ShopOnline.Web", "ShopOnline.Web\ShopOnline.Web.csproj", "{D995C0EF-1828-4C35-B95C-FFEA43E61E2F}"
EndProject
Project("{9A19103F-16F7-4668-BE54-9A1E7A4F7556}") = "ShopOnline.Api", "ShopOnline.Api\ShopOnline.Api.csproj", "{A2FC3C86-5CE2-4975-9627-FD62064FB53E}"
EndProject
Project("{9A19103F-16F7-4668-BE54-9A1E7A4F7556}") = "ShopOnline.Models", "ShopOnline.Models\ShopOnline.Models.csproj", "{5D2A8727-0E6D-4C99-ACE3-D8853E4814A7}"
EndProject
Global
	GlobalSection(SolutionConfigurationPlatforms) = preSolution
		Debug|Any CPU = Debug|Any CPU
		Release|Any CPU = Release|Any CPU
	EndGlobalSection
	GlobalSection(ProjectConfigurationPlatforms) = postSolution
		{D995C0EF-1828-4C35-B95C-FFEA43E61E2F}.Debug|Any CPU.ActiveCfg = Debug|Any CPU
		{D995C0EF-1828-4C35-B95C-FFEA43E61E2F}.Debug|Any CPU.Build.0 = Debug|Any CPU
		{D995C0EF-1828-4C35-B95C-FFEA43E61E2F}.Release|Any CPU.ActiveCfg = Release|Any CPU
		{D995C0EF-1828-4C35-B95C-FFEA43E61E2F}.Release|Any CPU.Build.0 = Release|Any CPU
		{A2FC3C86-5CE2-4975-9627-FD62064FB53E}.Debug|Any CPU.ActiveCfg = Debug|Any CPU
		{A2FC3C86-5CE2-4975-9627-FD62064FB53E}.Debug|Any CPU.Build.0 = Debug|Any CPU
		{A2FC3C86-5CE2-4975-9627-FD62064FB53E}.Release|Any CPU.ActiveCfg = Release|Any CPU
		{A2FC3C86-5CE2-4975-9627-FD62064FB53E}.Release|Any CPU.Build.0 = Release|Any CPU
		{5D2A8727-0E6D-4C99-ACE3-D8853E4814A7}.Debug|Any CPU.ActiveCfg = Debug|Any CPU
		{5D2A8727-0E6D-4C99-ACE3-D8853E4814A7}.Debug|Any CPU.Build.0 = Debug|Any CPU
		{5D2A8727-0E6D-4C99-ACE3-D8853E4814A7}.Release|Any CPU.ActiveCfg = Release|Any CPU
		{5D2A8727-0E6D-4C99-ACE3-D8853E4814A7}.Release|Any CPU.Build.0 = Release|Any CPU
	EndGlobalSection
	GlobalSection(SolutionProperties) = preSolution
		HideSolutionNode = FALSE
	EndGlobalSection
	GlobalSection(ExtensibilityGlobals) = postSolution
		SolutionGuid = {A856F8A1-9671-4898-80DA-E38F94BA1C73}
	EndGlobalSection
EndGlobal
